
Microsoft Visual Studio Solution File, Format Version 12.00
# Visual Studio 2012
Project("{FAE04EC0-301F-11D3-BF4B-00C04F79EFBC}") = "HotChocolateMachine", "HotChocolateMachine\HotChocolateMachine.csproj", "{BD6763B5-C638-41B4-81EC-85DCB1C43782}"
EndProject
Global
	GlobalSection(SolutionConfigurationPlatforms) = preSolution
		Debug|x86 = Debug|x86
		Release|x86 = Release|x86
	EndGlobalSection
	GlobalSection(ProjectConfigurationPlatforms) = postSolution
		{BD6763B5-C638-41B4-81EC-85DCB1C43782}.Debug|x86.ActiveCfg = Debug|x86
		{BD6763B5-C638-41B4-81EC-85DCB1C43782}.Debug|x86.Build.0 = Debug|x86
		{BD6763B5-C638-41B4-81EC-85DCB1C43782}.Release|x86.ActiveCfg = Release|x86
		{BD6763B5-C638-41B4-81EC-85DCB1C43782}.Release|x86.Build.0 = Release|x86
	EndGlobalSection
	GlobalSection(MonoDevelopProperties) = preSolution
		StartupItem = HotChocolateMachine\HotChocolateMachine.csproj
	EndGlobalSection
EndGlobal
